
Microsoft Visual Studio Solution File, Format Version 12.00
# Visual Studio 15
VisualStudioVersion = 15.0.28010.2026
MinimumVisualStudioVersion = 10.0.40219.1
Project("{FAE04EC0-301F-11D3-BF4B-00C04F79EFBC}") = "Groupr.Client", "Groupr.Client\Groupr.Client.csproj", "{9AC8E680-3440-4061-9D84-83E9918250AA}"
EndProject
Project("{FAE04EC0-301F-11D3-BF4B-00C04F79EFBC}") = "Groupr.Core", "Groupr.Core\Groupr.Core.csproj", "{64DBB1AA-2032-4B33-977A-5A6B57BB3084}"
EndProject
Project("{FAE04EC0-301F-11D3-BF4B-00C04F79EFBC}") = "Groupr.IO", "Groupr.IO\Groupr.IO.csproj", "{F3D85117-BC10-4981-81A1-C29EAD5FE017}"
EndProject
Global
	GlobalSection(SolutionConfigurationPlatforms) = preSolution
		Debug|Any CPU = Debug|Any CPU
		Release|Any CPU = Release|Any CPU
	EndGlobalSection
	GlobalSection(ProjectConfigurationPlatforms) = postSolution
		{9AC8E680-3440-4061-9D84-83E9918250AA}.Debug|Any CPU.ActiveCfg = Debug|Any CPU
		{9AC8E680-3440-4061-9D84-83E9918250AA}.Debug|Any CPU.Build.0 = Debug|Any CPU
		{9AC8E680-3440-4061-9D84-83E9918250AA}.Release|Any CPU.ActiveCfg = Release|Any CPU
		{9AC8E680-3440-4061-9D84-83E9918250AA}.Release|Any CPU.Build.0 = Release|Any CPU
		{64DBB1AA-2032-4B33-977A-5A6B57BB3084}.Debug|Any CPU.ActiveCfg = Debug|Any CPU
		{64DBB1AA-2032-4B33-977A-5A6B57BB3084}.Debug|Any CPU.Build.0 = Debug|Any CPU
		{64DBB1AA-2032-4B33-977A-5A6B57BB3084}.Release|Any CPU.ActiveCfg = Release|Any CPU
		{64DBB1AA-2032-4B33-977A-5A6B57BB3084}.Release|Any CPU.Build.0 = Release|Any CPU
		{F3D85117-BC10-4981-81A1-C29EAD5FE017}.Debug|Any CPU.ActiveCfg = Debug|Any CPU
		{F3D85117-BC10-4981-81A1-C29EAD5FE017}.Debug|Any CPU.Build.0 = Debug|Any CPU
		{F3D85117-BC10-4981-81A1-C29EAD5FE017}.Release|Any CPU.ActiveCfg = Release|Any CPU
		{F3D85117-BC10-4981-81A1-C29EAD5FE017}.Release|Any CPU.Build.0 = Release|Any CPU
	EndGlobalSection
	GlobalSection(SolutionProperties) = preSolution
		HideSolutionNode = FALSE
	EndGlobalSection
	GlobalSection(ExtensibilityGlobals) = postSolution
		SolutionGuid = {B61D4BC2-2512-4228-8735-6752D323C85D}
	EndGlobalSection
EndGlobal
